
Microsoft Visual Studio Solution File, Format Version 12.00
# Visual Studio Version 17
VisualStudioVersion = 17.7.34024.191
MinimumVisualStudioVersion = 10.0.40219.1
Project("{2150E333-8FDC-42A3-9474-1A3956D46DE8}") = "Task0", "Task0", "{1B055730-BEF5-4D71-9A9D-B9F4D50CE3C4}"
EndProject
Project("{FAE04EC0-301F-11D3-BF4B-00C04F79EFBC}") = "Tyuiu.BeketovVN.Sprint5.Task0.V3", "Tyuiu.BeketovVN.Sprint5.Task0.V3\Tyuiu.BeketovVN.Sprint5.Task0.V3.csproj", "{6E3EEB51-8823-4701-9791-A3EFD291F1D2}"
EndProject
Project("{FAE04EC0-301F-11D3-BF4B-00C04F79EFBC}") = "Tyuiu.BeketovVN.Sprint5.Task0.V3.Lib", "Tyuiu.BeketovVN.Sprint5.Task0.V3.Lib\Tyuiu.BeketovVN.Sprint5.Task0.V3.Lib.csproj", "{82BDEF9D-0C11-439C-9D7E-F3A14442B718}"
EndProject
Project("{FAE04EC0-301F-11D3-BF4B-00C04F79EFBC}") = "Tyuiu.BeketovVN.Sprint5.Task0.V3.Test", "Tyuiu.BeketovVN.Sprint5.Task0.V3.Test\Tyuiu.BeketovVN.Sprint5.Task0.V3.Test.csproj", "{DD1A1B47-ACED-4FA7-8F75-FF8EC862E941}"
EndProject
Project("{2150E333-8FDC-42A3-9474-1A3956D46DE8}") = "Task1", "Task1", "{9499D34C-C413-4FAA-BA1D-86D2FD86311A}"
EndProject
Project("{FAE04EC0-301F-11D3-BF4B-00C04F79EFBC}") = "Tyuiu.BeketovVN.Sprint5.Task1.V7", "Tyuiu.BeketovVN.Sprint5.Task1.V7\Tyuiu.BeketovVN.Sprint5.Task1.V7.csproj", "{71D5ECBB-F7E3-4708-9097-5DE955E6A914}"
EndProject
Project("{FAE04EC0-301F-11D3-BF4B-00C04F79EFBC}") = "Tyuiu.BeketovVN.Sprint5.Task1.V7.Lib", "Tyuiu.BeketovVN.Sprint5.Task1.V7.Lib\Tyuiu.BeketovVN.Sprint5.Task1.V7.Lib.csproj", "{318DBE86-E8C6-4556-B265-4294270610E8}"
EndProject
Project("{FAE04EC0-301F-11D3-BF4B-00C04F79EFBC}") = "Tyuiu.BeketovVN.Sprint5.Task1.V7.Test", "Tyuiu.BeketovVN.Sprint5.Task1.V7.Test\Tyuiu.BeketovVN.Sprint5.Task1.V7.Test.csproj", "{8C9800BE-3BEC-481F-B66A-FD54076DBA8B}"
EndProject
Project("{2150E333-8FDC-42A3-9474-1A3956D46DE8}") = "Task2", "Task2", "{B712B2FF-D378-4188-9A4A-179BC51F1B6F}"
EndProject
Project("{FAE04EC0-301F-11D3-BF4B-00C04F79EFBC}") = "Tyuiu.BeketovVN.Sprint5.Task2.V21", "Tyuiu.BeketovVN.Sprint5.Task2.V21\Tyuiu.BeketovVN.Sprint5.Task2.V21.csproj", "{87111A72-D689-427B-9211-D8B39A13F180}"
EndProject
Project("{FAE04EC0-301F-11D3-BF4B-00C04F79EFBC}") = "Tyuiu.BeketovVN.Sprint5.Task2.V21.Lib", "Tyuiu.BeketovVN.Sprint5.Task2.V21.Lib\Tyuiu.BeketovVN.Sprint5.Task2.V21.Lib.csproj", "{2AD2A3F5-632A-4FDE-8FAB-F6AA080F190D}"
EndProject
Project("{FAE04EC0-301F-11D3-BF4B-00C04F79EFBC}") = "Tyuiu.BeketovVN.Sprint5.Task2.V21.Test", "Tyuiu.BeketovVN.Sprint5.Task2.V21.Test\Tyuiu.BeketovVN.Sprint5.Task2.V21.Test.csproj", "{8484F73B-7675-4048-B576-7F8928B4CDAC}"
EndProject
Project("{2150E333-8FDC-42A3-9474-1A3956D46DE8}") = "Task3", "Task3", "{6F3D83B3-C468-4D9C-8C77-E58957B086D7}"
EndProject
Project("{FAE04EC0-301F-11D3-BF4B-00C04F79EFBC}") = "Tyuiu.BeketovVN.Sprint5.Task3.V27", "Tyuiu.BeketovVN.Sprint5.Task3.V27\Tyuiu.BeketovVN.Sprint5.Task3.V27.csproj", "{3421DF84-A583-459D-932C-DA6DCB9B3499}"
EndProject
Project("{FAE04EC0-301F-11D3-BF4B-00C04F79EFBC}") = "Tyuiu.BeketovVN.Sprint5.Task3.V27.Lib", "Tyuiu.BeketovVN.Sprint5.Task3.V27.Lib\Tyuiu.BeketovVN.Sprint5.Task3.V27.Lib.csproj", "{C9071A4D-B3DA-4247-A740-741A276FDC83}"
EndProject
Project("{FAE04EC0-301F-11D3-BF4B-00C04F79EFBC}") = "Tyuiu.BeketovVN.Sprint5.Task3.V27.Lib.Test", "Tyuiu.BeketovVN.Sprint5.Task3.V27.Lib.Test\Tyuiu.BeketovVN.Sprint5.Task3.V27.Lib.Test.csproj", "{6F711BA9-1797-4D85-BE17-52FCF0B5788D}"
EndProject
Project("{2150E333-8FDC-42A3-9474-1A3956D46DE8}") = "Task4", "Task4", "{4D5E8507-6A90-4531-A22D-00876055E4E4}"
EndProject
Project("{FAE04EC0-301F-11D3-BF4B-00C04F79EFBC}") = "Tyuiu.BeketovVN.Sprint5.Task4.V24", "Tyuiu.BeketovVN.Sprint5.Task4.V24\Tyuiu.BeketovVN.Sprint5.Task4.V24.csproj", "{8556F35E-07CA-4EEE-BD23-E0B668328081}"
EndProject
Project("{FAE04EC0-301F-11D3-BF4B-00C04F79EFBC}") = "Tyuiu.BeketovVN.Sprint5.Task4.V24.Lib", "Tyuiu.BeketovVN.Sprint5.Task4.V24.Lib\Tyuiu.BeketovVN.Sprint5.Task4.V24.Lib.csproj", "{50E2D5CF-45E4-420F-ACCA-5436E7ED8717}"
EndProject
Project("{FAE04EC0-301F-11D3-BF4B-00C04F79EFBC}") = "Tyuiu.BeketovVN.Sprint5.Task4.V24.Lib.Test", "Tyuiu.BeketovVN.Sprint5.Task4.V24.Lib.Test\Tyuiu.BeketovVN.Sprint5.Task4.V24.Lib.Test.csproj", "{D73DAD43-74E9-4036-83ED-9D94BD65982F}"
EndProject
Project("{2150E333-8FDC-42A3-9474-1A3956D46DE8}") = "Task5", "Task5", "{4DB4DADC-E208-4F6A-BD15-44A0BC5A031C}"
EndProject
Project("{FAE04EC0-301F-11D3-BF4B-00C04F79EFBC}") = "Tyuiu.BeketovVN.Sprint5.Task5.V2", "Tyuiu.BeketovVN.Sprint5.Task5.V2\Tyuiu.BeketovVN.Sprint5.Task5.V2.csproj", "{EBA8F4E1-5AC7-412A-B4CA-C578D3FE916F}"
EndProject
Project("{FAE04EC0-301F-11D3-BF4B-00C04F79EFBC}") = "Tyuiu.BeketovVN.Sprint5.Task5.V2.Lib", "Tyuiu.BeketovVN.Sprint5.Task5.V2.Lib\Tyuiu.BeketovVN.Sprint5.Task5.V2.Lib.csproj", "{10F3AFB8-F472-46FB-B50E-8B195A14FD40}"
EndProject
Project("{FAE04EC0-301F-11D3-BF4B-00C04F79EFBC}") = "Tyuiu.BeketovVN.Sprint5.Task5.V2.Test", "Tyuiu.BeketovVN.Sprint5.Task5.V2.Test\Tyuiu.BeketovVN.Sprint5.Task5.V2.Test.csproj", "{A918ECA3-69CD-49A9-BA99-437F13B79C09}"
EndProject
Global
	GlobalSection(SolutionConfigurationPlatforms) = preSolution
		Debug|Any CPU = Debug|Any CPU
		Release|Any CPU = Release|Any CPU
	EndGlobalSection
	GlobalSection(ProjectConfigurationPlatforms) = postSolution
		{6E3EEB51-8823-4701-9791-A3EFD291F1D2}.Debug|Any CPU.ActiveCfg = Debug|Any CPU
		{6E3EEB51-8823-4701-9791-A3EFD291F1D2}.Debug|Any CPU.Build.0 = Debug|Any CPU
		{6E3EEB51-8823-4701-9791-A3EFD291F1D2}.Release|Any CPU.ActiveCfg = Release|Any CPU
		{6E3EEB51-8823-4701-9791-A3EFD291F1D2}.Release|Any CPU.Build.0 = Release|Any CPU
		{82BDEF9D-0C11-439C-9D7E-F3A14442B718}.Debug|Any CPU.ActiveCfg = Debug|Any CPU
		{82BDEF9D-0C11-439C-9D7E-F3A14442B718}.Debug|Any CPU.Build.0 = Debug|Any CPU
		{82BDEF9D-0C11-439C-9D7E-F3A14442B718}.Release|Any CPU.ActiveCfg = Release|Any CPU
		{82BDEF9D-0C11-439C-9D7E-F3A14442B718}.Release|Any CPU.Build.0 = Release|Any CPU
		{DD1A1B47-ACED-4FA7-8F75-FF8EC862E941}.Debug|Any CPU.ActiveCfg = Debug|Any CPU
		{DD1A1B47-ACED-4FA7-8F75-FF8EC862E941}.Debug|Any CPU.Build.0 = Debug|Any CPU
		{DD1A1B47-ACED-4FA7-8F75-FF8EC862E941}.Release|Any CPU.ActiveCfg = Release|Any CPU
		{DD1A1B47-ACED-4FA7-8F75-FF8EC862E941}.Release|Any CPU.Build.0 = Release|Any CPU
		{71D5ECBB-F7E3-4708-9097-5DE955E6A914}.Debug|Any CPU.ActiveCfg = Debug|Any CPU
		{71D5ECBB-F7E3-4708-9097-5DE955E6A914}.Debug|Any CPU.Build.0 = Debug|Any CPU
		{71D5ECBB-F7E3-4708-9097-5DE955E6A914}.Release|Any CPU.ActiveCfg = Release|Any CPU
		{71D5ECBB-F7E3-4708-9097-5DE955E6A914}.Release|Any CPU.Build.0 = Release|Any CPU
		{318DBE86-E8C6-4556-B265-4294270610E8}.Debug|Any CPU.ActiveCfg = Debug|Any CPU
		{318DBE86-E8C6-4556-B265-4294270610E8}.Debug|Any CPU.Build.0 = Debug|Any CPU
		{318DBE86-E8C6-4556-B265-4294270610E8}.Release|Any CPU.ActiveCfg = Release|Any CPU
		{318DBE86-E8C6-4556-B265-4294270610E8}.Release|Any CPU.Build.0 = Release|Any CPU
		{8C9800BE-3BEC-481F-B66A-FD54076DBA8B}.Debug|Any CPU.ActiveCfg = Debug|Any CPU
		{8C9800BE-3BEC-481F-B66A-FD54076DBA8B}.Debug|Any CPU.Build.0 = Debug|Any CPU
		{8C9800BE-3BEC-481F-B66A-FD54076DBA8B}.Release|Any CPU.ActiveCfg = Release|Any CPU
		{8C9800BE-3BEC-481F-B66A-FD54076DBA8B}.Release|Any CPU.Build.0 = Release|Any CPU
		{87111A72-D689-427B-9211-D8B39A13F180}.Debug|Any CPU.ActiveCfg = Debug|Any CPU
		{87111A72-D689-427B-9211-D8B39A13F180}.Debug|Any CPU.Build.0 = Debug|Any CPU
		{87111A72-D689-427B-9211-D8B39A13F180}.Release|Any CPU.ActiveCfg = Release|Any CPU
		{87111A72-D689-427B-9211-D8B39A13F180}.Release|Any CPU.Build.0 = Release|Any CPU
		{2AD2A3F5-632A-4FDE-8FAB-F6AA080F190D}.Debug|Any CPU.ActiveCfg = Debug|Any CPU
		{2AD2A3F5-632A-4FDE-8FAB-F6AA080F190D}.Debug|Any CPU.Build.0 = Debug|Any CPU
		{2AD2A3F5-632A-4FDE-8FAB-F6AA080F190D}.Release|Any CPU.ActiveCfg = Release|Any CPU
		{2AD2A3F5-632A-4FDE-8FAB-F6AA080F190D}.Release|Any CPU.Build.0 = Release|Any CPU
		{8484F73B-7675-4048-B576-7F8928B4CDAC}.Debug|Any CPU.ActiveCfg = Debug|Any CPU
		{8484F73B-7675-4048-B576-7F8928B4CDAC}.Debug|Any CPU.Build.0 = Debug|Any CPU
		{8484F73B-7675-4048-B576-7F8928B4CDAC}.Release|Any CPU.ActiveCfg = Release|Any CPU
		{8484F73B-7675-4048-B576-7F8928B4CDAC}.Release|Any CPU.Build.0 = Release|Any CPU
		{3421DF84-A583-459D-932C-DA6DCB9B3499}.Debug|Any CPU.ActiveCfg = Debug|Any CPU
		{3421DF84-A583-459D-932C-DA6DCB9B3499}.Debug|Any CPU.Build.0 = Debug|Any CPU
		{3421DF84-A583-459D-932C-DA6DCB9B3499}.Release|Any CPU.ActiveCfg = Release|Any CPU
		{3421DF84-A583-459D-932C-DA6DCB9B3499}.Release|Any CPU.Build.0 = Release|Any CPU
		{C9071A4D-B3DA-4247-A740-741A276FDC83}.Debug|Any CPU.ActiveCfg = Debug|Any CPU
		{C9071A4D-B3DA-4247-A740-741A276FDC83}.Debug|Any CPU.Build.0 = Debug|Any CPU
		{C9071A4D-B3DA-4247-A740-741A276FDC83}.Release|Any CPU.ActiveCfg = Release|Any CPU
		{C9071A4D-B3DA-4247-A740-741A276FDC83}.Release|Any CPU.Build.0 = Release|Any CPU
		{6F711BA9-1797-4D85-BE17-52FCF0B5788D}.Debug|Any CPU.ActiveCfg = Debug|Any CPU
		{6F711BA9-1797-4D85-BE17-52FCF0B5788D}.Debug|Any CPU.Build.0 = Debug|Any CPU
		{6F711BA9-1797-4D85-BE17-52FCF0B5788D}.Release|Any CPU.ActiveCfg = Release|Any CPU
		{6F711BA9-1797-4D85-BE17-52FCF0B5788D}.Release|Any CPU.Build.0 = Release|Any CPU
		{8556F35E-07CA-4EEE-BD23-E0B668328081}.Debug|Any CPU.ActiveCfg = Debug|Any CPU
		{8556F35E-07CA-4EEE-BD23-E0B668328081}.Debug|Any CPU.Build.0 = Debug|Any CPU
		{8556F35E-07CA-4EEE-BD23-E0B668328081}.Release|Any CPU.ActiveCfg = Release|Any CPU
		{8556F35E-07CA-4EEE-BD23-E0B668328081}.Release|Any CPU.Build.0 = Release|Any CPU
		{50E2D5CF-45E4-420F-ACCA-5436E7ED8717}.Debug|Any CPU.ActiveCfg = Debug|Any CPU
		{50E2D5CF-45E4-420F-ACCA-5436E7ED8717}.Debug|Any CPU.Build.0 = Debug|Any CPU
		{50E2D5CF-45E4-420F-ACCA-5436E7ED8717}.Release|Any CPU.ActiveCfg = Release|Any CPU
		{50E2D5CF-45E4-420F-ACCA-5436E7ED8717}.Release|Any CPU.Build.0 = Release|Any CPU
		{D73DAD43-74E9-4036-83ED-9D94BD65982F}.Debug|Any CPU.ActiveCfg = Debug|Any CPU
		{D73DAD43-74E9-4036-83ED-9D94BD65982F}.Debug|Any CPU.Build.0 = Debug|Any CPU
		{D73DAD43-74E9-4036-83ED-9D94BD65982F}.Release|Any CPU.ActiveCfg = Release|Any CPU
		{D73DAD43-74E9-4036-83ED-9D94BD65982F}.Release|Any CPU.Build.0 = Release|Any CPU
		{EBA8F4E1-5AC7-412A-B4CA-C578D3FE916F}.Debug|Any CPU.ActiveCfg = Debug|Any CPU
		{EBA8F4E1-5AC7-412A-B4CA-C578D3FE916F}.Debug|Any CPU.Build.0 = Debug|Any CPU
		{EBA8F4E1-5AC7-412A-B4CA-C578D3FE916F}.Release|Any CPU.ActiveCfg = Release|Any CPU
		{EBA8F4E1-5AC7-412A-B4CA-C578D3FE916F}.Release|Any CPU.Build.0 = Release|Any CPU
		{10F3AFB8-F472-46FB-B50E-8B195A14FD40}.Debug|Any CPU.ActiveCfg = Debug|Any CPU
		{10F3AFB8-F472-46FB-B50E-8B195A14FD40}.Debug|Any CPU.Build.0 = Debug|Any CPU
		{10F3AFB8-F472-46FB-B50E-8B195A14FD40}.Release|Any CPU.ActiveCfg = Release|Any CPU
		{10F3AFB8-F472-46FB-B50E-8B195A14FD40}.Release|Any CPU.Build.0 = Release|Any CPU
		{A918ECA3-69CD-49A9-BA99-437F13B79C09}.Debug|Any CPU.ActiveCfg = Debug|Any CPU
		{A918ECA3-69CD-49A9-BA99-437F13B79C09}.Debug|Any CPU.Build.0 = Debug|Any CPU
		{A918ECA3-69CD-49A9-BA99-437F13B79C09}.Release|Any CPU.ActiveCfg = Release|Any CPU
		{A918ECA3-69CD-49A9-BA99-437F13B79C09}.Release|Any CPU.Build.0 = Release|Any CPU
	EndGlobalSection
	GlobalSection(SolutionProperties) = preSolution
		HideSolutionNode = FALSE
	EndGlobalSection
	GlobalSection(NestedProjects) = preSolution
		{6E3EEB51-8823-4701-9791-A3EFD291F1D2} = {1B055730-BEF5-4D71-9A9D-B9F4D50CE3C4}
		{82BDEF9D-0C11-439C-9D7E-F3A14442B718} = {1B055730-BEF5-4D71-9A9D-B9F4D50CE3C4}
		{DD1A1B47-ACED-4FA7-8F75-FF8EC862E941} = {1B055730-BEF5-4D71-9A9D-B9F4D50CE3C4}
		{71D5ECBB-F7E3-4708-9097-5DE955E6A914} = {9499D34C-C413-4FAA-BA1D-86D2FD86311A}
		{318DBE86-E8C6-4556-B265-4294270610E8} = {9499D34C-C413-4FAA-BA1D-86D2FD86311A}
		{8C9800BE-3BEC-481F-B66A-FD54076DBA8B} = {9499D34C-C413-4FAA-BA1D-86D2FD86311A}
		{87111A72-D689-427B-9211-D8B39A13F180} = {B712B2FF-D378-4188-9A4A-179BC51F1B6F}
		{2AD2A3F5-632A-4FDE-8FAB-F6AA080F190D} = {B712B2FF-D378-4188-9A4A-179BC51F1B6F}
		{8484F73B-7675-4048-B576-7F8928B4CDAC} = {B712B2FF-D378-4188-9A4A-179BC51F1B6F}
		{3421DF84-A583-459D-932C-DA6DCB9B3499} = {6F3D83B3-C468-4D9C-8C77-E58957B086D7}
		{C9071A4D-B3DA-4247-A740-741A276FDC83} = {6F3D83B3-C468-4D9C-8C77-E58957B086D7}
		{6F711BA9-1797-4D85-BE17-52FCF0B5788D} = {6F3D83B3-C468-4D9C-8C77-E58957B086D7}
		{8556F35E-07CA-4EEE-BD23-E0B668328081} = {4D5E8507-6A90-4531-A22D-00876055E4E4}
		{50E2D5CF-45E4-420F-ACCA-5436E7ED8717} = {4D5E8507-6A90-4531-A22D-00876055E4E4}
		{D73DAD43-74E9-4036-83ED-9D94BD65982F} = {4D5E8507-6A90-4531-A22D-00876055E4E4}
		{EBA8F4E1-5AC7-412A-B4CA-C578D3FE916F} = {4DB4DADC-E208-4F6A-BD15-44A0BC5A031C}
		{10F3AFB8-F472-46FB-B50E-8B195A14FD40} = {4DB4DADC-E208-4F6A-BD15-44A0BC5A031C}
		{A918ECA3-69CD-49A9-BA99-437F13B79C09} = {4DB4DADC-E208-4F6A-BD15-44A0BC5A031C}
	EndGlobalSection
	GlobalSection(ExtensibilityGlobals) = postSolution
		SolutionGuid = {25052010-ACB2-4984-9D59-3001FB9F604B}
	EndGlobalSection
EndGlobal
