
Microsoft Visual Studio Solution File, Format Version 12.00
# Visual Studio Version 17
VisualStudioVersion = 17.7.34024.191
MinimumVisualStudioVersion = 10.0.40219.1
Project("{2150E333-8FDC-42A3-9474-1A3956D46DE8}") = "Task0", "Task0", "{1B055730-BEF5-4D71-9A9D-B9F4D50CE3C4}"
EndProject
Project("{FAE04EC0-301F-11D3-BF4B-00C04F79EFBC}") = "Tyuiu.BeketovVN.Sprint5.Task0.V3", "Tyuiu.BeketovVN.Sprint5.Task0.V3\Tyuiu.BeketovVN.Sprint5.Task0.V3.csproj", "{6E3EEB51-8823-4701-9791-A3EFD291F1D2}"
EndProject
Project("{FAE04EC0-301F-11D3-BF4B-00C04F79EFBC}") = "Tyuiu.BeketovVN.Sprint5.Task0.V3.Lib", "Tyuiu.BeketovVN.Sprint5.Task0.V3.Lib\Tyuiu.BeketovVN.Sprint5.Task0.V3.Lib.csproj", "{82BDEF9D-0C11-439C-9D7E-F3A14442B718}"
EndProject
Project("{FAE04EC0-301F-11D3-BF4B-00C04F79EFBC}") = "Tyuiu.BeketovVN.Sprint5.Task0.V3.Test", "Tyuiu.BeketovVN.Sprint5.Task0.V3.Test\Tyuiu.BeketovVN.Sprint5.Task0.V3.Test.csproj", "{DD1A1B47-ACED-4FA7-8F75-FF8EC862E941}"
EndProject
Project("{2150E333-8FDC-42A3-9474-1A3956D46DE8}") = "Task1", "Task1", "{9499D34C-C413-4FAA-BA1D-86D2FD86311A}"
EndProject
Project("{FAE04EC0-301F-11D3-BF4B-00C04F79EFBC}") = "Tyuiu.BeketovVN.Sprint5.Task1.V7", "Tyuiu.BeketovVN.Sprint5.Task1.V7\Tyuiu.BeketovVN.Sprint5.Task1.V7.csproj", "{71D5ECBB-F7E3-4708-9097-5DE955E6A914}"
EndProject
Project("{FAE04EC0-301F-11D3-BF4B-00C04F79EFBC}") = "Tyuiu.BeketovVN.Sprint5.Task1.V7.Lib", "Tyuiu.BeketovVN.Sprint5.Task1.V7.Lib\Tyuiu.BeketovVN.Sprint5.Task1.V7.Lib.csproj", "{318DBE86-E8C6-4556-B265-4294270610E8}"
EndProject
Project("{FAE04EC0-301F-11D3-BF4B-00C04F79EFBC}") = "Tyuiu.BeketovVN.Sprint5.Task1.V7.Test", "Tyuiu.BeketovVN.Sprint5.Task1.V7.Test\Tyuiu.BeketovVN.Sprint5.Task1.V7.Test.csproj", "{8C9800BE-3BEC-481F-B66A-FD54076DBA8B}"
EndProject
Project("{2150E333-8FDC-42A3-9474-1A3956D46DE8}") = "Task2", "Task2", "{B712B2FF-D378-4188-9A4A-179BC51F1B6F}"
EndProject
Project("{FAE04EC0-301F-11D3-BF4B-00C04F79EFBC}") = "Tyuiu.BeketovVN.Sprint5.Task2.V21", "Tyuiu.BeketovVN.Sprint5.Task2.V21\Tyuiu.BeketovVN.Sprint5.Task2.V21.csproj", "{87111A72-D689-427B-9211-D8B39A13F180}"
EndProject
Project("{FAE04EC0-301F-11D3-BF4B-00C04F79EFBC}") = "Tyuiu.BeketovVN.Sprint5.Task2.V21.Lib", "Tyuiu.BeketovVN.Sprint5.Task2.V21.Lib\Tyuiu.BeketovVN.Sprint5.Task2.V21.Lib.csproj", "{2AD2A3F5-632A-4FDE-8FAB-F6AA080F190D}"
EndProject
Project("{FAE04EC0-301F-11D3-BF4B-00C04F79EFBC}") = "Tyuiu.BeketovVN.Sprint5.Task2.V21.Test", "Tyuiu.BeketovVN.Sprint5.Task2.V21.Test\Tyuiu.BeketovVN.Sprint5.Task2.V21.Test.csproj", "{8484F73B-7675-4048-B576-7F8928B4CDAC}"
EndProject
Global
	GlobalSection(SolutionConfigurationPlatforms) = preSolution
		Debug|Any CPU = Debug|Any CPU
		Release|Any CPU = Release|Any CPU
	EndGlobalSection
	GlobalSection(ProjectConfigurationPlatforms) = postSolution
		{6E3EEB51-8823-4701-9791-A3EFD291F1D2}.Debug|Any CPU.ActiveCfg = Debug|Any CPU
		{6E3EEB51-8823-4701-9791-A3EFD291F1D2}.Debug|Any CPU.Build.0 = Debug|Any CPU
		{6E3EEB51-8823-4701-9791-A3EFD291F1D2}.Release|Any CPU.ActiveCfg = Release|Any CPU
		{6E3EEB51-8823-4701-9791-A3EFD291F1D2}.Release|Any CPU.Build.0 = Release|Any CPU
		{82BDEF9D-0C11-439C-9D7E-F3A14442B718}.Debug|Any CPU.ActiveCfg = Debug|Any CPU
		{82BDEF9D-0C11-439C-9D7E-F3A14442B718}.Debug|Any CPU.Build.0 = Debug|Any CPU
		{82BDEF9D-0C11-439C-9D7E-F3A14442B718}.Release|Any CPU.ActiveCfg = Release|Any CPU
		{82BDEF9D-0C11-439C-9D7E-F3A14442B718}.Release|Any CPU.Build.0 = Release|Any CPU
		{DD1A1B47-ACED-4FA7-8F75-FF8EC862E941}.Debug|Any CPU.ActiveCfg = Debug|Any CPU
		{DD1A1B47-ACED-4FA7-8F75-FF8EC862E941}.Debug|Any CPU.Build.0 = Debug|Any CPU
		{DD1A1B47-ACED-4FA7-8F75-FF8EC862E941}.Release|Any CPU.ActiveCfg = Release|Any CPU
		{DD1A1B47-ACED-4FA7-8F75-FF8EC862E941}.Release|Any CPU.Build.0 = Release|Any CPU
		{71D5ECBB-F7E3-4708-9097-5DE955E6A914}.Debug|Any CPU.ActiveCfg = Debug|Any CPU
		{71D5ECBB-F7E3-4708-9097-5DE955E6A914}.Debug|Any CPU.Build.0 = Debug|Any CPU
		{71D5ECBB-F7E3-4708-9097-5DE955E6A914}.Release|Any CPU.ActiveCfg = Release|Any CPU
		{71D5ECBB-F7E3-4708-9097-5DE955E6A914}.Release|Any CPU.Build.0 = Release|Any CPU
		{318DBE86-E8C6-4556-B265-4294270610E8}.Debug|Any CPU.ActiveCfg = Debug|Any CPU
		{318DBE86-E8C6-4556-B265-4294270610E8}.Debug|Any CPU.Build.0 = Debug|Any CPU
		{318DBE86-E8C6-4556-B265-4294270610E8}.Release|Any CPU.ActiveCfg = Release|Any CPU
		{318DBE86-E8C6-4556-B265-4294270610E8}.Release|Any CPU.Build.0 = Release|Any CPU
		{8C9800BE-3BEC-481F-B66A-FD54076DBA8B}.Debug|Any CPU.ActiveCfg = Debug|Any CPU
		{8C9800BE-3BEC-481F-B66A-FD54076DBA8B}.Debug|Any CPU.Build.0 = Debug|Any CPU
		{8C9800BE-3BEC-481F-B66A-FD54076DBA8B}.Release|Any CPU.ActiveCfg = Release|Any CPU
		{8C9800BE-3BEC-481F-B66A-FD54076DBA8B}.Release|Any CPU.Build.0 = Release|Any CPU
		{87111A72-D689-427B-9211-D8B39A13F180}.Debug|Any CPU.ActiveCfg = Debug|Any CPU
		{87111A72-D689-427B-9211-D8B39A13F180}.Debug|Any CPU.Build.0 = Debug|Any CPU
		{87111A72-D689-427B-9211-D8B39A13F180}.Release|Any CPU.ActiveCfg = Release|Any CPU
		{87111A72-D689-427B-9211-D8B39A13F180}.Release|Any CPU.Build.0 = Release|Any CPU
		{2AD2A3F5-632A-4FDE-8FAB-F6AA080F190D}.Debug|Any CPU.ActiveCfg = Debug|Any CPU
		{2AD2A3F5-632A-4FDE-8FAB-F6AA080F190D}.Debug|Any CPU.Build.0 = Debug|Any CPU
		{2AD2A3F5-632A-4FDE-8FAB-F6AA080F190D}.Release|Any CPU.ActiveCfg = Release|Any CPU
		{2AD2A3F5-632A-4FDE-8FAB-F6AA080F190D}.Release|Any CPU.Build.0 = Release|Any CPU
		{8484F73B-7675-4048-B576-7F8928B4CDAC}.Debug|Any CPU.ActiveCfg = Debug|Any CPU
		{8484F73B-7675-4048-B576-7F8928B4CDAC}.Debug|Any CPU.Build.0 = Debug|Any CPU
		{8484F73B-7675-4048-B576-7F8928B4CDAC}.Release|Any CPU.ActiveCfg = Release|Any CPU
		{8484F73B-7675-4048-B576-7F8928B4CDAC}.Release|Any CPU.Build.0 = Release|Any CPU
	EndGlobalSection
	GlobalSection(SolutionProperties) = preSolution
		HideSolutionNode = FALSE
	EndGlobalSection
	GlobalSection(NestedProjects) = preSolution
		{6E3EEB51-8823-4701-9791-A3EFD291F1D2} = {1B055730-BEF5-4D71-9A9D-B9F4D50CE3C4}
		{82BDEF9D-0C11-439C-9D7E-F3A14442B718} = {1B055730-BEF5-4D71-9A9D-B9F4D50CE3C4}
		{DD1A1B47-ACED-4FA7-8F75-FF8EC862E941} = {1B055730-BEF5-4D71-9A9D-B9F4D50CE3C4}
		{71D5ECBB-F7E3-4708-9097-5DE955E6A914} = {9499D34C-C413-4FAA-BA1D-86D2FD86311A}
		{318DBE86-E8C6-4556-B265-4294270610E8} = {9499D34C-C413-4FAA-BA1D-86D2FD86311A}
		{8C9800BE-3BEC-481F-B66A-FD54076DBA8B} = {9499D34C-C413-4FAA-BA1D-86D2FD86311A}
		{87111A72-D689-427B-9211-D8B39A13F180} = {B712B2FF-D378-4188-9A4A-179BC51F1B6F}
		{2AD2A3F5-632A-4FDE-8FAB-F6AA080F190D} = {B712B2FF-D378-4188-9A4A-179BC51F1B6F}
		{8484F73B-7675-4048-B576-7F8928B4CDAC} = {B712B2FF-D378-4188-9A4A-179BC51F1B6F}
	EndGlobalSection
	GlobalSection(ExtensibilityGlobals) = postSolution
		SolutionGuid = {25052010-ACB2-4984-9D59-3001FB9F604B}
	EndGlobalSection
EndGlobal
